{
  "name": "vsuee-skill",
  "version": "1.0.1",
  "lockfileVersion": 3,
  "requires": true,
  "packages": {
    "": {
      "name": "vsuee-skill",
      "version": "1.0.1",
      "license": "MIT",
      "bin": {
        "vsuee": "bin/vsuee.mjs"
      },
      "engines": {
        "node": ">=18.0.0"
      },
      "peerDependencies": {
        "playwright": "^1.40.0"
      },
      "peerDependenciesMeta": {
        "playwright": {
          "optional": true
        }
      }
    }
  }
}
